{
    "_readme": [
        "This file locks the dependencies of your project to a known state",
        "Read more about it at https://getcomposer.org/doc/01-basic-usage.md#installing-dependencies",
        "This file is @generated automatically"
    ],
    "content-hash": "87efc4caed3e4137d33db23507c8c561",
    "packages": [],
    "packages-dev": [],
    "aliases": [],
    "minimum-stability": "stable",
    "stability-flags": {},
    "prefer-stable": false,
    "prefer-lowest": false,
    "platform": {
        "php": "^8.1",
        "ext-mysqli": "*",
        "ext-mbstring": "*",
        "ext-openssl": "*"
    },
    "platform-dev": {},
    "plugin-api-version": "2.6.0"
}
